Microsoft Visual Studio Solution File, Format Version 12.00
# Visual Studio Version 17
VisualStudioVersion = 17.5.2.0
MinimumVisualStudioVersion = 10.0.40219.1
Project("{FAE04EC0-301F-11D3-BF4B-00C04F79EFBC}") = "GameHypeBot", "GameHypeBot.csproj", "{D01A1E5A-AF5F-08EE-BB41-1B7F31854A27}"
EndProject
Global
	GlobalSection(SolutionConfigurationPlatforms) = preSolution
		Debug|Any CPU = Debug|Any CPU
		Release|Any CPU = Release|Any CPU
	EndGlobalSection
	GlobalSection(ProjectConfigurationPlatforms) = postSolution
		{D01A1E5A-AF5F-08EE-BB41-1B7F31854A27}.Debug|Any CPU.ActiveCfg = Debug|Any CPU
		{D01A1E5A-AF5F-08EE-BB41-1B7F31854A27}.Debug|Any CPU.Build.0 = Debug|Any CPU
		{D01A1E5A-AF5F-08EE-BB41-1B7F31854A27}.Release|Any CPU.ActiveCfg = Release|Any CPU
		{D01A1E5A-AF5F-08EE-BB41-1B7F31854A27}.Release|Any CPU.Build.0 = Release|Any CPU
	EndGlobalSection
	GlobalSection(SolutionProperties) = preSolution
		HideSolutionNode = FALSE
	EndGlobalSection
	GlobalSection(ExtensibilityGlobals) = postSolution
		SolutionGuid = {83DA32C6-BE39-402E-8035-2C120F3C328A}
	EndGlobalSection
EndGlobal
